{
  "name": "plain-reactive.site",
  "version": "1.0.0",
  "lockfileVersion": 3,
  "requires": true,
  "packages": {
    "": {
      "name": "plain-reactive.site",
      "version": "1.0.0",
      "license": "ISC",
      "dependencies": {
        "highlightjs": "^9.16.2"
      },
      "devDependencies": {
        "plain-reactive": "^1.1.8"
      }
    },
    "node_modules/highlightjs": {
      "version": "9.16.2",
      "resolved": "https://registry.npmjs.org/highlightjs/-/highlightjs-9.16.2.tgz",
      "integrity": "sha512-FK1vmMj8BbEipEy8DLIvp71t5UsC7n2D6En/UfM/91PCwmOpj6f2iu0Y0coRC62KSRHHC+dquM2xMULV/X7NFg==",
      "deprecated": "Use the 'highlight.js' package instead https://npm.im/highlight.js"
    },
    "node_modules/plain-reactive": {
      "version": "1.1.8",
      "resolved": "https://registry.npmjs.org/plain-reactive/-/plain-reactive-1.1.8.tgz",
      "integrity": "sha512-6oUYtIL8Y1J7s71MVQhRD5RsYgNu4nZSQ30q5vJ8oj+Rs2NRDrujJAKHd8rtagOm7/ZSKvy+6ZLTZGkX/YU3Kg==",
      "dev": true
    }
  }
}
