{
  "name": "plain-reactive.site",
  "version": "1.0.0",
  "lockfileVersion": 3,
  "requires": true,
  "packages": {
    "": {
      "name": "plain-reactive.site",
      "version": "1.0.0",
      "license": "ISC",
      "devDependencies": {
        "plain-reactive": "^1.1.6"
      }
    },
    "node_modules/plain-reactive": {
      "version": "1.1.8",
      "resolved": "https://registry.npmjs.org/plain-reactive/-/plain-reactive-1.1.8.tgz",
      "integrity": "sha512-6oUYtIL8Y1J7s71MVQhRD5RsYgNu4nZSQ30q5vJ8oj+Rs2NRDrujJAKHd8rtagOm7/ZSKvy+6ZLTZGkX/YU3Kg==",
      "dev": true
    }
  }
}
