{
  "name": "plain-reactive.site",
  "version": "1.0.0",
  "lockfileVersion": 3,
  "requires": true,
  "packages": {
    "": {
      "name": "plain-reactive.site",
      "version": "1.0.0",
      "license": "ISC",
      "devDependencies": {
        "plain-reactive": "^1.1.6"
      }
    },
    "node_modules/plain-reactive": {
      "version": "1.1.6",
      "resolved": "https://registry.npmjs.org/plain-reactive/-/plain-reactive-1.1.6.tgz",
      "integrity": "sha512-O9d1FOKDZlBd4C9B4j4GfA01DwPZUZ9fpKxxbO2MBliJV8rbXnaOjooPstDhE0DssSaVmHtmX5xCAic7QdxcnQ==",
      "dev": true
    }
  }
}
